{
  "name": "css-modules-extractor",
  "version": "0.1.0-experimental",
  "lockfileVersion": 2,
  "requires": true,
  "packages": {
    "": {
      "name": "css-modules-extractor",
      "version": "0.1.0-experimental",
      "license": "ISC",
      "devDependencies": {
        "@types/node": "^18.15.10"
      }
    },
    "node_modules/@types/node": {
      "version": "18.15.10",
      "resolved": "https://registry.npmjs.org/@types/node/-/node-18.15.10.tgz",
      "integrity": "sha512-9avDaQJczATcXgfmMAW3MIWArOO7A+m90vuCFLr8AotWf8igO/mRoYukrk2cqZVtv38tHs33retzHEilM7FpeQ==",
      "dev": true
    }
  },
  "dependencies": {
    "@types/node": {
      "version": "18.15.10",
      "resolved": "https://registry.npmjs.org/@types/node/-/node-18.15.10.tgz",
      "integrity": "sha512-9avDaQJczATcXgfmMAW3MIWArOO7A+m90vuCFLr8AotWf8igO/mRoYukrk2cqZVtv38tHs33retzHEilM7FpeQ==",
      "dev": true
    }
  }
}
